<?xml version="1.0" encoding="utf-8"?>
<Project ToolsVersion="4.0" xmlns="http://schemas.microsoft.com/developer/msbuild/2003">
  <ItemGroup>
    <ClCompile Include="Source\SceneFactory.cpp" />
    <ClCompile Include="Library\App.cpp">
      <Filter>Library</Filter>
    </ClCompile>
    <ClCompile Include="Library\main.cpp">
      <Filter>Library</Filter>
    </ClCompile>
    <ClCompile Include="Source\BootScene.cpp">
      <Filter>BootScene</Filter>
    </ClCompile>
    <ClCompile Include="Source\TitleScene.cpp">
      <Filter>Scene\TitleScene</Filter>
    </ClCompile>
    <ClCompile Include="ImGui\imgui.cpp">
      <Filter>ImGui</Filter>
    </ClCompile>
    <ClCompile Include="ImGui\imgui_draw.cpp">
      <Filter>ImGui</Filter>
    </ClCompile>
    <ClCompile Include="ImGui\imgui_impl_dx9.cpp">
      <Filter>ImGui</Filter>
    </ClCompile>
    <ClCompile Include="ImGui\imgui_impl_dx11.cpp">
      <Filter>ImGui</Filter>
    </ClCompile>
    <ClCompile Include="ImGui\imgui_impl_win32.cpp">
      <Filter>ImGui</Filter>
    </ClCompile>
    <ClCompile Include="ImGui\imgui_ja_gryph_ranges.cpp">
      <Filter>ImGui</Filter>
    </ClCompile>
    <ClCompile Include="ImGui\imgui_tables.cpp">
      <Filter>ImGui</Filter>
    </ClCompile>
    <ClCompile Include="ImGui\imgui_widgets.cpp">
      <Filter>ImGui</Filter>
    </ClCompile>
    <ClCompile Include="Library\ObjectManager.cpp">
      <Filter>Library</Filter>
    </ClCompile>
    <ClCompile Include="Library\SceneManager.cpp">
      <Filter>Library</Filter>
    </ClCompile>
    <ClCompile Include="Library\Time.cpp">
      <Filter>Library</Filter>
    </ClCompile>
    <ClCompile Include="Source\Player.cpp">
      <Filter>PlayScene</Filter>
    </ClCompile>
    <ClCompile Include="Source\PlayScene.cpp">
      <Filter>PlayScene</Filter>
    </ClCompile>
    <ClCompile Include="Library\Trigger.cpp">
      <Filter>Library</Filter>
    </ClCompile>
    <ClCompile Include="Source\Background.cpp">
      <Filter>PlayScene</Filter>
    </ClCompile>
    <ClCompile Include="Source\GameOver.cpp">
      <Filter>Scene\GameOver</Filter>
    </ClCompile>
    <ClCompile Include="Source\Trap.cpp">
      <Filter>Trap</Filter>
    </ClCompile>
    <ClCompile Include="Source\FlyingSpikeTrap.cpp">
      <Filter>Trap</Filter>
    </ClCompile>
    <ClCompile Include="Source\FallingFloor.cpp">
      <Filter>Trap</Filter>
    </ClCompile>
    <ClCompile Include="Source\FakeFloor.cpp">
      <Filter>Trap</Filter>
    </ClCompile>
    <ClCompile Include="Source\Dokan2.cpp">
      <Filter>Trap</Filter>
    </ClCompile>
    <ClCompile Include="Source\Dokan.cpp">
      <Filter>Trap</Filter>
    </ClCompile>
    <ClCompile Include="Source\VanishingFloor.cpp">
      <Filter>Trap</Filter>
    </ClCompile>
    <ClCompile Include="Source\SmallTrap.cpp">
      <Filter>Trap</Filter>
    </ClCompile>
    <ClCompile Include="Source\RollingBall.cpp">
      <Filter>Trap</Filter>
    </ClCompile>
    <ClCompile Include="Source\SelectStage.cpp">
      <Filter>Scene\StageSelect</Filter>
    </ClCompile>
    <ClCompile Include="Source\FallingSpike.cpp">
      <Filter>Trap</Filter>
    </ClCompile>
    <ClCompile Include="Source\EnemyChaser.cpp">
      <Filter>Trap</Filter>
    </ClCompile>
    <ClCompile Include="Source\Boss.cpp">
      <Filter>Trap</Filter>
    </ClCompile>
    <ClCompile Include="Source\CsvReader.cpp">
      <Filter>Library</Filter>
    </ClCompile>
    <ClCompile Include="Source\MovingWall.cpp">
      <Filter>Trap</Filter>
    </ClCompile>
    <ClCompile Include="Source\GameResult.cpp">
      <Filter>Scene\ClearScene</Filter>
    </ClCompile>
    <ClCompile Include="Source\Collision.cpp">
      <Filter>PlayScene</Filter>
    </ClCompile>
    <ClCompile Include="Source\HiddenSpike.cpp">
      <Filter>Trap</Filter>
    </ClCompile>
    <ClCompile Include="Source\DirectionalSpike.cpp">
      <Filter>Trap</Filter>
    </ClCompile>
    <ClCompile Include="Source\LaserTurret.cpp">
      <Filter>Trap</Filter>
    </ClCompile>
    <ClCompile Include="Source\Common.cpp" />
    <ClCompile Include="Source\PatrplEnemy.cpp">
      <Filter>Trap</Filter>
    </ClCompile>
    <ClCompile Include="Source\MovingSmallTrap.cpp">
      <Filter>Trap</Filter>
    </ClCompile>
    <ClCompile Include="Source\Telop.cpp">
      <Filter>Telop</Filter>
    </ClCompile>
    <ClCompile Include="Source\Fader.cpp">
      <Filter>Fader</Filter>
    </ClCompile>
    <ClCompile Include="Source\BouncingAnimatedTrap.cpp">
      <Filter>Trap</Filter>
    </ClCompile>
    <ClCompile Include="Source\Field.cpp">
      <Filter>PlayScene</Filter>
    </ClCompile>
    <ClCompile Include="Source\Hud.cpp">
      <Filter>HUD</Filter>
    </ClCompile>
    <ClCompile Include="Source\Sun.cpp">
      <Filter>Trap</Filter>
    </ClCompile>
    <ClCompile Include="Source\Zone.cpp" />
    <ClCompile Include="Source\ClearScene.cpp">
      <Filter>Scene\ClearScene</Filter>
    </ClCompile>
    <ClCompile Include="Source\PlayerBullet.cpp">
      <Filter>PlayScene</Filter>
    </ClCompile>
  </ItemGroup>
  <ItemGroup>
    <ClInclude Include="Library\myDxLib.h" />
    <ClInclude Include="Library\SceneBase.h" />
    <ClInclude Include="Source\Screen.h" />
    <ClInclude Include="Source\SceneFactory.h" />
    <ClInclude Include="Library\App.h">
      <Filter>Library</Filter>
    </ClInclude>
    <ClInclude Include="Library\SceneBase.h">
      <Filter>Library</Filter>
    </ClInclude>
    <ClInclude Include="Library\GameObject.h">
      <Filter>Library</Filter>
    </ClInclude>
    <ClInclude Include="Source\BootScene.h">
      <Filter>BootScene</Filter>
    </ClInclude>
    <ClInclude Include="Source\TitleScene.h">
      <Filter>Scene\TitleScene</Filter>
    </ClInclude>
    <ClInclude Include="ImGui\imconfig.h">
      <Filter>ImGui</Filter>
    </ClInclude>
    <ClInclude Include="ImGui\imgui.h">
      <Filter>ImGui</Filter>
    </ClInclude>
    <ClInclude Include="ImGui\imgui_impl_dx9.h">
      <Filter>ImGui</Filter>
    </ClInclude>
    <ClInclude Include="ImGui\imgui_impl_dx11.h">
      <Filter>ImGui</Filter>
    </ClInclude>
    <ClInclude Include="ImGui\imgui_impl_dxlib.hpp">
      <Filter>ImGui</Filter>
    </ClInclude>
    <ClInclude Include="ImGui\imgui_impl_win32.h">
      <Filter>ImGui</Filter>
    </ClInclude>
    <ClInclude Include="ImGui\imgui_internal.h">
      <Filter>ImGui</Filter>
    </ClInclude>
    <ClInclude Include="ImGui\imstb_rectpack.h">
      <Filter>ImGui</Filter>
    </ClInclude>
    <ClInclude Include="ImGui\imstb_textedit.h">
      <Filter>ImGui</Filter>
    </ClInclude>
    <ClInclude Include="ImGui\imstb_truetype.h">
      <Filter>ImGui</Filter>
    </ClInclude>
    <ClInclude Include="Library\ObjectManager.h">
      <Filter>Library</Filter>
    </ClInclude>
    <ClInclude Include="Library\SceneManager.h">
      <Filter>Library</Filter>
    </ClInclude>
    <ClInclude Include="Library\Time.h">
      <Filter>Library</Filter>
    </ClInclude>
    <ClInclude Include="Library\myDxLib.h">
      <Filter>Library</Filter>
    </ClInclude>
    <ClInclude Include="Source\Field.h">
      <Filter>PlayScene</Filter>
    </ClInclude>
    <ClInclude Include="Source\Player.h">
      <Filter>PlayScene</Filter>
    </ClInclude>
    <ClInclude Include="Source\PlayScene.h">
      <Filter>PlayScene</Filter>
    </ClInclude>
    <ClInclude Include="Library\Trigger.h">
      <Filter>Library</Filter>
    </ClInclude>
    <ClInclude Include="Source\Background.h">
      <Filter>PlayScene</Filter>
    </ClInclude>
    <ClInclude Include="Source\ClearScene.h">
      <Filter>Scene\ClearScene</Filter>
    </ClInclude>
    <ClInclude Include="Source\ClearScene.h">
      <Filter>ClearScene</Filter>
    </ClInclude>
    <ClInclude Include="Source\Background.h">
      <Filter>PlayScene</Filter>
    </ClInclude>
    <ClInclude Include="Source\Field.h">
      <Filter>PlayScene</Filter>
    </ClInclude>
    <ClInclude Include="Source\PlayScene.h">
      <Filter>PlayScene</Filter>
    </ClInclude>
    <ClInclude Include="ImGui\imconfig.h">
      <Filter>ImGui</Filter>
    </ClInclude>
    <ClInclude Include="ImGui\imgui.h">
      <Filter>ImGui</Filter>
    </ClInclude>
    <ClInclude Include="ImGui\imgui_impl_dx9.h">
      <Filter>ImGui</Filter>
    </ClInclude>
    <ClInclude Include="ImGui\imgui_impl_dx11.h">
      <Filter>ImGui</Filter>
    </ClInclude>
    <ClInclude Include="ImGui\imgui_impl_dxlib.hpp">
      <Filter>ImGui</Filter>
    </ClInclude>
    <ClInclude Include="ImGui\imgui_impl_win32.h">
      <Filter>ImGui</Filter>
    </ClInclude>
    <ClInclude Include="ImGui\imgui_internal.h">
      <Filter>ImGui</Filter>
    </ClInclude>
    <ClInclude Include="ImGui\imstb_rectpack.h">
      <Filter>ImGui</Filter>
    </ClInclude>
    <ClInclude Include="ImGui\imstb_textedit.h">
      <Filter>ImGui</Filter>
    </ClInclude>
    <ClInclude Include="ImGui\imstb_truetype.h">
      <Filter>ImGui</Filter>
    </ClInclude>
    <ClInclude Include="Library\App.h">
      <Filter>Library</Filter>
    </ClInclude>
    <ClInclude Include="Library\ObjectManager.h">
      <Filter>Library</Filter>
    </ClInclude>
    <ClInclude Include="Library\SceneManager.h">
      <Filter>Library</Filter>
    </ClInclude>
    <ClInclude Include="Library\Time.h">
      <Filter>Library</Filter>
    </ClInclude>
    <ClInclude Include="Library\Trigger.h">
      <Filter>Library</Filter>
    </ClInclude>
    <ClInclude Include="Library\GameObject.h">
      <Filter>Library</Filter>
    </ClInclude>
    <ClInclude Include="Source\Player.h">
      <Filter>PlayScene</Filter>
    </ClInclude>
    <ClInclude Include="Source\GameOver.h">
      <Filter>Scene\GameOver</Filter>
    </ClInclude>
    <ClInclude Include="Source\Trap.h">
      <Filter>Trap</Filter>
    </ClInclude>
    <ClInclude Include="Source\FlyingSpikeTrap.h">
      <Filter>Trap</Filter>
    </ClInclude>
    <ClInclude Include="Source\FallingFloor.h">
      <Filter>Trap</Filter>
    </ClInclude>
    <ClInclude Include="Source\FakeFloor.h">
      <Filter>Trap</Filter>
    </ClInclude>
    <ClInclude Include="Source\Dokan2.h">
      <Filter>Trap</Filter>
    </ClInclude>
    <ClInclude Include="Source\Dokan.h">
      <Filter>Trap</Filter>
    </ClInclude>
    <ClInclude Include="Source\GameOver.h">
      <Filter>GameOver</Filter>
    </ClInclude>
    <ClInclude Include="Source\BootScene.h">
      <Filter>BootScene</Filter>
    </ClInclude>
    <ClInclude Include="Source\VanishingFloor.h">
      <Filter>Trap</Filter>
    </ClInclude>
    <ClInclude Include="Source\SmallTrap.h">
      <Filter>Trap</Filter>
    </ClInclude>
    <ClInclude Include="Source\RollingBall.h">
      <Filter>Trap</Filter>
    </ClInclude>
    <ClInclude Include="Source\SelectStage.h">
      <Filter>Scene\StageSelect</Filter>
    </ClInclude>
    <ClInclude Include="Source\FallingSpike.h">
      <Filter>Trap</Filter>
    </ClInclude>
    <ClInclude Include="Source\FakeFloor.h">
      <Filter>Trap</Filter>
    </ClInclude>
    <ClInclude Include="Source\FallingFloor.h">
      <Filter>Trap</Filter>
    </ClInclude>
    <ClInclude Include="Source\EnemyChaser.h">
      <Filter>Trap</Filter>
    </ClInclude>
    <ClInclude Include="Source\Boss.h">
      <Filter>Trap</Filter>
    </ClInclude>
    <ClInclude Include="Source\CsvReader.h">
      <Filter>Library</Filter>
    </ClInclude>
    <ClInclude Include="Source\MovingWall.h">
      <Filter>Trap</Filter>
    </ClInclude>
    <ClInclude Include="Source\GameResult.h">
      <Filter>Scene\ClearScene</Filter>
    </ClInclude>
    <ClInclude Include="Source\Collision.h">
      <Filter>PlayScene</Filter>
    </ClInclude>
    <ClInclude Include="Source\HiddenSpike.h">
      <Filter>Trap</Filter>
    </ClInclude>
    <ClInclude Include="Source\DirectionalSpike.h">
      <Filter>Trap</Filter>
    </ClInclude>
    <ClInclude Include="Source\LaserTurret.h">
      <Filter>Trap</Filter>
    </ClInclude>
    <ClInclude Include="Source\Common.h" />
    <ClInclude Include="Source\PatrolEnemy.h">
      <Filter>Trap</Filter>
    </ClInclude>
    <ClInclude Include="Source\MovingSmallTrap.h">
      <Filter>Trap</Filter>
    </ClInclude>
    <ClInclude Include="Source\Telop.h">
      <Filter>Telop</Filter>
    </ClInclude>
    <ClInclude Include="Source\Fader.h">
      <Filter>Fader</Filter>
    </ClInclude>
    <ClInclude Include="Source\BouncingAnimatedTrap.h">
      <Filter>Trap</Filter>
    </ClInclude>
    <ClInclude Include="Source\GameConfig.h">
      <Filter>Scene\StageSelect</Filter>
    </ClInclude>
    <ClInclude Include="Source\Hud.h">
      <Filter>HUD</Filter>
    </ClInclude>
    <ClInclude Include="Source\Sun.h">
      <Filter>Trap</Filter>
    </ClInclude>
    <ClInclude Include="Source\Zone.h" />
    <ClInclude Include="Source\SoundCache.h" />
    <ClInclude Include="Source\PlayerBullet.h">
      <Filter>PlayScene</Filter>
    </ClInclude>
  </ItemGroup>
  <ItemGroup>
    <Filter Include="Library">
      <UniqueIdentifier>{208c2106-181f-415c-a2e8-fa160c7f8651}</UniqueIdentifier>
    </Filter>
    <Filter Include="BootScene">
      <UniqueIdentifier>{4e7a122b-01b5-4a1f-bdd8-381c4cb2403d}</UniqueIdentifier>
    </Filter>
    <Filter Include="PlayScene">
      <UniqueIdentifier>{8123ada4-16d1-40da-a8f3-3f9e93aafb30}</UniqueIdentifier>
    </Filter>
    <Filter Include="ImGui">
      <UniqueIdentifier>{a717257b-67b3-4bfa-834c-1e34032b33b0}</UniqueIdentifier>
    </Filter>
    <ClInclude Include="Source\TitleScene.h" />
    <ClInclude Include="Source\Trap.h" />
    <Filter Include="Trap">
      <UniqueIdentifier>{ec7d9f9a-df5c-4b7d-b43e-f784b3489e21}</UniqueIdentifier>
    </Filter>
    <Filter Include="Telop">
      <UniqueIdentifier>{46b0110a-45be-418c-aa6d-95ba90dab9e3}</UniqueIdentifier>
    </Filter>
    <Filter Include="Fader">
      <UniqueIdentifier>{f43482be-1665-429d-961e-3defde9eb671}</UniqueIdentifier>
    </Filter>
    <Filter Include="HUD">
      <UniqueIdentifier>{5f91f7ff-7faf-46fb-a315-813d577d5b20}</UniqueIdentifier>
    </Filter>
    <Filter Include="Scene">
      <UniqueIdentifier>{5c537628-d9ba-4e01-90b7-86d74a6fa4b6}</UniqueIdentifier>
    </Filter>
    <Filter Include="Scene\ClearScene">
      <UniqueIdentifier>{92a63fa5-8db1-48e8-8a26-c9ee49f8359a}</UniqueIdentifier>
    </Filter>
    <Filter Include="Scene\TitleScene">
      <UniqueIdentifier>{a52f9c67-9c6c-4376-8f4c-07a10ecbc3db}</UniqueIdentifier>
    </Filter>
    <Filter Include="Scene\GameOver">
      <UniqueIdentifier>{13de5265-ab42-4124-8cf4-1005956d3358}</UniqueIdentifier>
    </Filter>
    <Filter Include="Scene\StageSelect">
      <UniqueIdentifier>{f78fe6bc-8697-4244-b3d9-a5a2daecdf45}</UniqueIdentifier>
    </Filter>
  </ItemGroup>
</Project>